
Microsoft Visual Studio Solution File, Format Version 12.00
# Visual Studio Version 16
VisualStudioVersion = 16.0.31702.278
MinimumVisualStudioVersion = 10.0.40219.1
Project("{888888A0-9F3D-457C-B088-3A5042F75D52}") = "Watering-system", "Watering-system\Watering-system.pyproj", "{9750B9F9-8BC6-48DF-8871-27F6E3E56977}"
EndProject
Global
	GlobalSection(SolutionConfigurationPlatforms) = preSolution
		Debug|Any CPU = Debug|Any CPU
		Release|Any CPU = Release|Any CPU
	EndGlobalSection
	GlobalSection(ProjectConfigurationPlatforms) = postSolution
		{9750B9F9-8BC6-48DF-8871-27F6E3E56977}.Debug|Any CPU.ActiveCfg = Debug|Any CPU
		{9750B9F9-8BC6-48DF-8871-27F6E3E56977}.Release|Any CPU.ActiveCfg = Release|Any CPU
	EndGlobalSection
	GlobalSection(SolutionProperties) = preSolution
		HideSolutionNode = FALSE
	EndGlobalSection
	GlobalSection(ExtensibilityGlobals) = postSolution
		SolutionGuid = {0080A859-3F15-43D9-B412-111279FDE29C}
	EndGlobalSection
EndGlobal
